
Microsoft Visual Studio Solution File, Format Version 12.00
# Visual Studio Version 17
VisualStudioVersion = 17.14.36414.22
MinimumVisualStudioVersion = 10.0.40219.1
Project("{FAE04EC0-301F-11D3-BF4B-00C04F79EFBC}") = "MainServer", "MainServer\MainServer.csproj", "{DE430209-D615-42D4-901F-D03C43D41E0A}"
EndProject
Project("{FAE04EC0-301F-11D3-BF4B-00C04F79EFBC}") = "ClientTest", "ClientTest\ClientTest.csproj", "{1C74D35A-9AF8-409A-8B23-655EE10E2FDB}"
EndProject
Global
	GlobalSection(SolutionConfigurationPlatforms) = preSolution
		Debug|Any CPU = Debug|Any CPU
		Release|Any CPU = Release|Any CPU
	EndGlobalSection
	GlobalSection(ProjectConfigurationPlatforms) = postSolution
		{DE430209-D615-42D4-901F-D03C43D41E0A}.Debug|Any CPU.ActiveCfg = Debug|Any CPU
		{DE430209-D615-42D4-901F-D03C43D41E0A}.Debug|Any CPU.Build.0 = Debug|Any CPU
		{DE430209-D615-42D4-901F-D03C43D41E0A}.Release|Any CPU.ActiveCfg = Release|Any CPU
		{DE430209-D615-42D4-901F-D03C43D41E0A}.Release|Any CPU.Build.0 = Release|Any CPU
		{1C74D35A-9AF8-409A-8B23-655EE10E2FDB}.Debug|Any CPU.ActiveCfg = Debug|Any CPU
		{1C74D35A-9AF8-409A-8B23-655EE10E2FDB}.Debug|Any CPU.Build.0 = Debug|Any CPU
		{1C74D35A-9AF8-409A-8B23-655EE10E2FDB}.Release|Any CPU.ActiveCfg = Release|Any CPU
		{1C74D35A-9AF8-409A-8B23-655EE10E2FDB}.Release|Any CPU.Build.0 = Release|Any CPU
	EndGlobalSection
	GlobalSection(SolutionProperties) = preSolution
		HideSolutionNode = FALSE
	EndGlobalSection
	GlobalSection(ExtensibilityGlobals) = postSolution
		SolutionGuid = {6990E4C4-ADE7-4EEB-8C4E-1D5C805CB409}
	EndGlobalSection
EndGlobal
